
Microsoft Visual Studio Solution File, Format Version 12.00
# Visual Studio Version 17
VisualStudioVersion = 17.9.34714.143
MinimumVisualStudioVersion = 10.0.40219.1
Project("{FAE04EC0-301F-11D3-BF4B-00C04F79EFBC}") = "Pharmatime_Backend", "Pharmatime_Backend\Pharmatime_Backend.csproj", "{910B84D5-E12B-4BB4-AB0A-08178AA17485}"
EndProject
Global
	GlobalSection(SolutionConfigurationPlatforms) = preSolution
		Debug|Any CPU = Debug|Any CPU
		Release|Any CPU = Release|Any CPU
	EndGlobalSection
	GlobalSection(ProjectConfigurationPlatforms) = postSolution
		{910B84D5-E12B-4BB4-AB0A-08178AA17485}.Debug|Any CPU.ActiveCfg = Debug|Any CPU
		{910B84D5-E12B-4BB4-AB0A-08178AA17485}.Debug|Any CPU.Build.0 = Debug|Any CPU
		{910B84D5-E12B-4BB4-AB0A-08178AA17485}.Release|Any CPU.ActiveCfg = Release|Any CPU
		{910B84D5-E12B-4BB4-AB0A-08178AA17485}.Release|Any CPU.Build.0 = Release|Any CPU
	EndGlobalSection
	GlobalSection(SolutionProperties) = preSolution
		HideSolutionNode = FALSE
	EndGlobalSection
	GlobalSection(ExtensibilityGlobals) = postSolution
		SolutionGuid = {C7B91532-FA88-42E8-AA12-B03058C1C722}
	EndGlobalSection
EndGlobal
